
Microsoft Visual Studio Solution File, Format Version 12.00
# Visual Studio Version 16
VisualStudioVersion = 16.0.32126.315
MinimumVisualStudioVersion = 10.0.40219.1
Project("{FAE04EC0-301F-11D3-BF4B-00C04F79EFBC}") = "DataStructure", "DataStructure\DataStructure.csproj", "{5365BF9A-28A5-46D9-B71C-5C65CA54A53F}"
EndProject
Project("{FAE04EC0-301F-11D3-BF4B-00C04F79EFBC}") = "TryOut", "TryOut\TryOut.csproj", "{73712E85-7238-4683-8E1E-B00828071DF0}"
EndProject
Global
	GlobalSection(SolutionConfigurationPlatforms) = preSolution
		Debug|Any CPU = Debug|Any CPU
		Release|Any CPU = Release|Any CPU
	EndGlobalSection
	GlobalSection(ProjectConfigurationPlatforms) = postSolution
		{5365BF9A-28A5-46D9-B71C-5C65CA54A53F}.Debug|Any CPU.ActiveCfg = Debug|Any CPU
		{5365BF9A-28A5-46D9-B71C-5C65CA54A53F}.Debug|Any CPU.Build.0 = Debug|Any CPU
		{5365BF9A-28A5-46D9-B71C-5C65CA54A53F}.Release|Any CPU.ActiveCfg = Release|Any CPU
		{5365BF9A-28A5-46D9-B71C-5C65CA54A53F}.Release|Any CPU.Build.0 = Release|Any CPU
		{73712E85-7238-4683-8E1E-B00828071DF0}.Debug|Any CPU.ActiveCfg = Debug|Any CPU
		{73712E85-7238-4683-8E1E-B00828071DF0}.Debug|Any CPU.Build.0 = Debug|Any CPU
		{73712E85-7238-4683-8E1E-B00828071DF0}.Release|Any CPU.ActiveCfg = Release|Any CPU
		{73712E85-7238-4683-8E1E-B00828071DF0}.Release|Any CPU.Build.0 = Release|Any CPU
	EndGlobalSection
	GlobalSection(SolutionProperties) = preSolution
		HideSolutionNode = FALSE
	EndGlobalSection
	GlobalSection(ExtensibilityGlobals) = postSolution
		SolutionGuid = {10D61512-52ED-4222-BA6F-BF5385BEE21A}
	EndGlobalSection
EndGlobal
